
Microsoft Visual Studio Solution File, Format Version 12.00
# Visual Studio 2013
VisualStudioVersion = 12.0.30723.0
MinimumVisualStudioVersion = 10.0.40219.1
Project("{FAE04EC0-301F-11D3-BF4B-00C04F79EFBC}") = "zazi", "zazi\zazi.csproj", "{44486724-443A-4A1B-BFE0-397875995C47}"
EndProject
Project("{FAE04EC0-301F-11D3-BF4B-00C04F79EFBC}") = "zazi.Tests", "zazi.Tests\zazi.Tests.csproj", "{CBC2505E-2A2B-4A7B-9DCD-92CC59B22B6F}"
EndProject
Global
	GlobalSection(SolutionConfigurationPlatforms) = preSolution
		Debug|Any CPU = Debug|Any CPU
		Release|Any CPU = Release|Any CPU
	EndGlobalSection
	GlobalSection(ProjectConfigurationPlatforms) = postSolution
		{44486724-443A-4A1B-BFE0-397875995C47}.Debug|Any CPU.ActiveCfg = Debug|Any CPU
		{44486724-443A-4A1B-BFE0-397875995C47}.Debug|Any CPU.Build.0 = Debug|Any CPU
		{44486724-443A-4A1B-BFE0-397875995C47}.Release|Any CPU.ActiveCfg = Release|Any CPU
		{44486724-443A-4A1B-BFE0-397875995C47}.Release|Any CPU.Build.0 = Release|Any CPU
		{CBC2505E-2A2B-4A7B-9DCD-92CC59B22B6F}.Debug|Any CPU.ActiveCfg = Debug|Any CPU
		{CBC2505E-2A2B-4A7B-9DCD-92CC59B22B6F}.Debug|Any CPU.Build.0 = Debug|Any CPU
		{CBC2505E-2A2B-4A7B-9DCD-92CC59B22B6F}.Release|Any CPU.ActiveCfg = Release|Any CPU
		{CBC2505E-2A2B-4A7B-9DCD-92CC59B22B6F}.Release|Any CPU.Build.0 = Release|Any CPU
	EndGlobalSection
	GlobalSection(SolutionProperties) = preSolution
		HideSolutionNode = FALSE
	EndGlobalSection
EndGlobal
